version: 6
environments:
  default:
    channels:
    - url: https://conda.anaconda.org/conda-forge/
    options:
      pypi-prerelease-mode: if-necessary-or-explicit
    packages:
      linux-64:
      - conda: https://conda.anaconda.org/conda-forge/linux-64/_openmp_mutex-4.5-7_kmp_llvm.conda
      - conda: https://conda.anaconda.org/conda-forge/linux-64/bzip2-1.0.8-hda65f42_9.conda
      - conda: https://conda.anaconda.org/conda-forge/noarch/ca-certificates-2026.7.22-hbd8a1cb_0.conda
      - conda: https://conda.anaconda.org/conda-forge/noarch/cpython-3.11.15-py311hd8ed1ab_1.conda
      - conda: https://conda.anaconda.org/conda-forge/noarch/filelock-3.32.0-pyhd8ed1ab_0.conda
      - conda: https://conda.anaconda.org/conda-forge/linux-64/fmt-12.1.0-hff5e90c_0.conda
      - conda: https://conda.anaconda.org/conda-forge/noarch/fsspec-2026.6.0-pyhd8ed1ab_0.conda
      - conda: https://conda.anaconda.org/conda-forge/linux-64/gmp-6.3.0-hac33072_2.conda
      - conda: https://conda.anaconda.org/conda-forge/linux-64/gmpy2-2.3.0-py311h92a432a_1.conda
      - conda: https://conda.anaconda.org/conda-forge/linux-64/icu-78.3-h33c6efd_1.conda
      - conda: https://conda.anaconda.org/conda-forge/noarch/jinja2-3.1.6-pyhcf101f3_1.conda
      - conda: https://conda.anaconda.org/conda-forge/linux-64/ld_impl_linux-64-2.46.1-default_hbd61a6d_102.conda
      - conda: https://conda.anaconda.org/conda-forge/linux-64/libabseil-20260526.0-cxx17_h7b12aa8_1.conda
      - conda: https://conda.anaconda.org/conda-forge/linux-64/libblas-3.11.0-8_h5875eb1_mkl.conda
      - conda: https://conda.anaconda.org/conda-forge/linux-64/libcblas-3.11.0-8_hfef963f_mkl.conda
      - conda: https://conda.anaconda.org/conda-forge/linux-64/libexpat-2.8.1-hecca717_1.conda
      - conda: https://conda.anaconda.org/conda-forge/linux-64/libffi-3.5.2-h3435931_0.conda
      - conda: https://conda.anaconda.org/conda-forge/linux-64/libgcc-15.2.0-he0feb66_19.conda
      - conda: https://conda.anaconda.org/conda-forge/linux-64/libgcc-ng-15.2.0-h69a702a_19.conda
      - conda: https://conda.anaconda.org/conda-forge/linux-64/libgfortran-15.2.0-h69a702a_19.conda
      - conda: https://conda.anaconda.org/conda-forge/linux-64/libgfortran5-15.2.0-h68bc16d_19.conda
      - conda: https://conda.anaconda.org/conda-forge/linux-64/libhwloc-2.13.0-default_he001693_1000.conda
      - conda: https://conda.anaconda.org/conda-forge/linux-64/libiconv-1.18-h3b78370_2.conda
      - conda: https://conda.anaconda.org/conda-forge/linux-64/liblapack-3.11.0-8_h5e43f62_mkl.conda
      - conda: https://conda.anaconda.org/conda-forge/linux-64/liblzma-5.8.3-hb03c661_0.conda
      - conda: https://conda.anaconda.org/conda-forge/linux-64/libnsl-2.0.1-hb9d3cd8_1.conda
      - conda: https://conda.anaconda.org/conda-forge/linux-64/libprotobuf-7.35.1-h2840a7c_2.conda
      - conda: https://conda.anaconda.org/conda-forge/linux-64/libsqlite-3.53.3-h0c1763c_0.conda
      - conda: https://conda.anaconda.org/conda-forge/linux-64/libstdcxx-15.2.0-h934c35e_19.conda
      - conda: https://conda.anaconda.org/conda-forge/linux-64/libstdcxx-ng-15.2.0-hdf11a46_19.conda
      - conda: https://conda.anaconda.org/conda-forge/linux-64/libtorch-2.12.1-cpu_mkl_h4f7e408_100.conda
      - conda: https://conda.anaconda.org/conda-forge/linux-64/libuuid-2.42.2-h5347b49_0.conda
      - conda: https://conda.anaconda.org/conda-forge/linux-64/libuv-1.52.1-h280c20c_0.conda
      - conda: https://conda.anaconda.org/conda-forge/linux-64/libxcrypt-4.4.36-hd590300_1.conda
      - conda: https://conda.anaconda.org/conda-forge/linux-64/libxml2-16-2.15.3-hca6bf5a_0.conda
      - conda: https://conda.anaconda.org/conda-forge/linux-64/libxml2-2.15.3-h49c6c72_0.conda
      - conda: https://conda.anaconda.org/conda-forge/linux-64/libzlib-1.3.2-h25fd6f3_2.conda
      - conda: https://conda.anaconda.org/conda-forge/linux-64/llvm-openmp-22.1.8-h4922eb0_0.conda
      - conda: https://conda.anaconda.org/conda-forge/linux-64/markupsafe-3.0.3-py311h3778330_1.conda
      - conda: https://conda.anaconda.org/conda-forge/linux-64/mkl-2026.1.0-hecca717_243.conda
      - conda: https://conda.anaconda.org/conda-forge/linux-64/mpc-1.4.0-he0a73b1_0.conda
      - conda: https://conda.anaconda.org/conda-forge/linux-64/mpfr-4.2.2-he0a73b1_0.conda
      - conda: https://conda.anaconda.org/conda-forge/noarch/mpmath-1.4.1-pyhd8ed1ab_0.conda
      - conda: https://conda.anaconda.org/conda-forge/linux-64/ncurses-6.6-hdb14827_0.conda
      - conda: https://conda.anaconda.org/conda-forge/noarch/networkx-3.6.1-pyhcf101f3_0.conda
      - conda: https://conda.anaconda.org/conda-forge/linux-64/numpy-2.4.6-py311h2e04523_0.conda
      - conda: https://conda.anaconda.org/conda-forge/linux-64/onednn-3.12-omp_h83de36e_0.conda
      - conda: https://conda.anaconda.org/conda-forge/linux-64/onemkl-license-2026.1.0-ha770c72_243.conda
      - conda: https://conda.anaconda.org/conda-forge/linux-64/openssl-3.6.3-h35e630c_0.conda
      - conda: https://conda.anaconda.org/conda-forge/linux-64/optree-0.19.1-py311hdf67eae_0.conda
      - conda: https://conda.anaconda.org/conda-forge/noarch/pybind11-3.0.3-pyhfe8187e_0.conda
      - conda: https://conda.anaconda.org/conda-forge/noarch/pybind11-abi-11-hc364b38_1.conda
      - conda: https://conda.anaconda.org/conda-forge/noarch/pybind11-global-3.0.3-pyh648e204_0.conda
      - conda: https://conda.anaconda.org/conda-forge/linux-64/python-3.11.15-h7508c33_1_cpython.conda
      - conda: https://conda.anaconda.org/conda-forge/noarch/python_abi-3.11-8_cp311.conda
      - conda: https://conda.anaconda.org/conda-forge/linux-64/pytorch-2.12.1-cpu_mkl_py311_h8dcea03_100.conda
      - conda: https://conda.anaconda.org/conda-forge/linux-64/readline-8.3-h853b02a_0.conda
      - conda: https://conda.anaconda.org/conda-forge/linux-64/scipy-1.17.1-py311hbe70eeb_1.conda
      - conda: https://conda.anaconda.org/conda-forge/noarch/setuptools-81.0.0-pyh332efcf_0.conda
      - conda: https://conda.anaconda.org/conda-forge/linux-64/sleef-3.9.0-ha0421bc_0.conda
      - conda: https://conda.anaconda.org/conda-forge/noarch/sympy-1.14.0-pyh2585a3b_106.conda
      - conda: https://conda.anaconda.org/conda-forge/linux-64/tbb-2023.0.0-hab88423_2.conda
      - conda: https://conda.anaconda.org/conda-forge/linux-64/tk-8.6.13-noxft_hd70dff1_3.conda
      - conda: https://conda.anaconda.org/conda-forge/noarch/typing-extensions-4.16.0-h69aa097_0.conda
      - conda: https://conda.anaconda.org/conda-forge/noarch/typing_extensions-4.16.0-pyhcf101f3_0.conda
      - conda: https://conda.anaconda.org/conda-forge/noarch/tzdata-2026c-h151e31d_0.conda
      - conda: https://conda.anaconda.org/conda-forge/linux-64/zstd-1.5.7-hb78ec9c_6.conda
packages:
- conda: https://conda.anaconda.org/conda-forge/linux-64/_openmp_mutex-4.5-7_kmp_llvm.conda
  build_number: 7
  sha256: c0cddb66070dd6355311f7667ce2acccf70d1013edaa6e97f22859502fefdb22
  md5: 887b70e1d607fba7957aa02f9ee0d939
  depends:
  - llvm-openmp >=9.0.1
  license: BSD-3-Clause
  license_family: BSD
  size: 8244
  timestamp: 1764092331208
- conda: https://conda.anaconda.org/conda-forge/linux-64/bzip2-1.0.8-hda65f42_9.conda
  sha256: 0b75d45f0bba3e95dc693336fa51f40ea28c980131fec438afb7ce6118ed05f6
  md5: d2ffd7602c02f2b316fd921d39876885
  depends:
  - __glibc >=2.17,<3.0.a0
  - libgcc >=14
  license: bzip2-1.0.6
  license_family: BSD
  size: 260182
  timestamp: 1771350215188
- conda: https://conda.anaconda.org/conda-forge/noarch/ca-certificates-2026.7.22-hbd8a1cb_0.conda
  sha256: 0a0544cf95f64394fe4959286f5c71f5444ad58feb0602e53becb27448d24da6
  md5: 0f51e2391ade309db462a55611263e9c
  depends:
  - __unix
  license: ISC
  size: 131780
  timestamp: 1784754889428
- conda: https://conda.anaconda.org/conda-forge/noarch/cpython-3.11.15-py311hd8ed1ab_1.conda
  noarch: generic
  sha256: cfe29a7e71ab4553b9715ee4b6788824853ade58b8661ff3363acb3e762046a5
  md5: 842533c9d507e2025a4933a091dfa983
  depends:
  - python >=3.11,<3.12.0a0
  - python_abi * *_cp311
  license: Python-2.0
  size: 48482
  timestamp: 1781148385557
- conda: https://conda.anaconda.org/conda-forge/noarch/filelock-3.32.0-pyhd8ed1ab_0.conda
  sha256: 6a06e1c22da45e25f757901ffff25906731459109be183319c7f1a5a662c0b9a
  md5: ac3366aa3754b212f91588b1ae3e54dc
  depends:
  - python >=3.10
  license: Unlicense
  size: 77187
  timestamp: 1784663191506
- conda: https://conda.anaconda.org/conda-forge/linux-64/fmt-12.1.0-hff5e90c_0.conda
  sha256: d4e92ba7a7b4965341dc0fca57ec72d01d111b53c12d11396473115585a9ead6
  md5: f7d7a4104082b39e3b3473fbd4a38229
  depends:
  - __glibc >=2.17,<3.0.a0
  - libgcc >=14
  - libstdcxx >=14
  license: MIT
  license_family: MIT
  size: 198107
  timestamp: 1767681153946
- conda: https://conda.anaconda.org/conda-forge/noarch/fsspec-2026.6.0-pyhd8ed1ab_0.conda
  sha256: fe0156e6d658be3531aad2a99e42e8ad1ee23c69837d469c44c1b6010373913d
  md5: 7d7e6c826ba0743fc491ebee0e7b899c
  depends:
  - python >=3.10
  license: BSD-3-Clause
  license_family: BSD
  size: 149709
  timestamp: 1781615868173
- conda: https://conda.anaconda.org/conda-forge/linux-64/gmp-6.3.0-hac33072_2.conda
  sha256: 309cf4f04fec0c31b6771a5809a1909b4b3154a2208f52351e1ada006f4c750c
  md5: c94a5994ef49749880a8139cf9afcbe1
  depends:
  - libgcc-ng >=12
  - libstdcxx-ng >=12
  license: GPL-2.0-or-later OR LGPL-3.0-or-later
  size: 460055
  timestamp: 1718980856608
- conda: https://conda.anaconda.org/conda-forge/linux-64/gmpy2-2.3.0-py311h92a432a_1.conda
  sha256: 6e44e97d28019f6e51df28a674bff30868b73e34b3abf0c463801410534092cc
  md5: 7d7764bcd71545948497be8a7103a2ef
  depends:
  - __glibc >=2.17,<3.0.a0
  - gmp >=6.3.0,<7.0a0
  - libgcc >=14
  - mpc >=1.3.1,<2.0a0
  - mpfr >=4.2.1,<5.0a0
  - python >=3.11,<3.12.0a0
  - python_abi 3.11.* *_cp311
  license: LGPL-3.0-or-later
  license_family: LGPL
  size: 242098
  timestamp: 1773245101836
- conda: https://conda.anaconda.org/conda-forge/linux-64/icu-78.3-h33c6efd_1.conda
  sha256: c054e32ac4c14426006edf9d01981dc564559b4065af7c13c26be904e1babf04
  md5: 3c7763347873f07adfd87e8001b5b1d1
  depends:
  - __glibc >=2.17,<3.0.a0
  - libgcc >=14
  - libstdcxx >=14
  license: MIT
  license_family: MIT
  size: 12709032
  timestamp: 1784588496729
- conda: https://conda.anaconda.org/conda-forge/noarch/jinja2-3.1.6-pyhcf101f3_1.conda
  sha256: fc9ca7348a4f25fed2079f2153ecdcf5f9cf2a0bc36c4172420ca09e1849df7b
  md5: 04558c96691bed63104678757beb4f8d
  depends:
  - markupsafe >=2.0
  - python >=3.10
  - python
  license: BSD-3-Clause
  license_family: BSD
  size: 120685
  timestamp: 1764517220861
- conda: https://conda.anaconda.org/conda-forge/linux-64/ld_impl_linux-64-2.46.1-default_hbd61a6d_102.conda
  sha256: 27d83f1188cd19bcb7754a078b3fa7f4cfb8527f8eb2fde54dd01fc529d1adec
  md5: 449500f2c089da11c40f5c21312e3e07
  depends:
  - __glibc >=2.17,<3.0.a0
  - zstd >=1.5.7,<1.6.0a0
  constrains:
  - binutils_impl_linux-64 2.46.1
  license: GPL-3.0-only
  license_family: GPL
  size: 745303
  timestamp: 1784214507189
- conda: https://conda.anaconda.org/conda-forge/linux-64/libabseil-20260526.0-cxx17_h7b12aa8_1.conda
  sha256: 32933de2d4fa6e6ffd949052815b49cb65a0649ad70007155c533ab97ea8cefd
  md5: c4393db381bffa0a83a8d9e47b238106
  depends:
  - __glibc >=2.17,<3.0.a0
  - libgcc >=14
  - libstdcxx >=14
  constrains:
  - abseil-cpp =20260526.0
  - libabseil-static =20260526.0=cxx17*
  license: Apache-2.0
  license_family: Apache
  size: 1437712
  timestamp: 1780524559298
- conda: https://conda.anaconda.org/conda-forge/linux-64/libblas-3.11.0-8_h5875eb1_mkl.conda
  build_number: 8
  sha256: e30f7fa2a2fb6985f9ac6604575cb318b9ae44e263f6cacc282daee9dbd6127d
  md5: 8ae84a87356b604a62f1aee136ef8efb
  depends:
  - mkl >=2026.0.0,<2027.0a0
  constrains:
  - blas 2.308   mkl
  - libcblas   3.11.0   8*_mkl
  - liblapacke 3.11.0   8*_mkl
  - liblapack  3.11.0   8*_mkl
  track_features:
  - blas_mkl
  - blas_mkl_2
  license: BSD-3-Clause
  license_family: BSD
  size: 19257
  timestamp: 1779859078137
- conda: https://conda.anaconda.org/conda-forge/linux-64/libcblas-3.11.0-8_hfef963f_mkl.conda
  build_number: 8
  sha256: a3ea22126a74321ddf754a0efaf998486ffb8b9ec69fc735b3f0eacb6ffc8a4e
  md5: 2101410a3915785b2c1595d1ae94e32c
  depends:
  - libblas 3.11.0 8_h5875eb1_mkl
  constrains:
  - blas 2.308   mkl
  - liblapacke 3.11.0   8*_mkl
  - liblapack  3.11.0   8*_mkl
  track_features:
  - blas_mkl
  license: BSD-3-Clause
  license_family: BSD
  size: 18902
  timestamp: 1779859085492
- conda: https://conda.anaconda.org/conda-forge/linux-64/libexpat-2.8.1-hecca717_1.conda
  sha256: 16feffd9ddbbe5b718515d38ee376c685ba95491cd901244e24671d20b952a77
  md5: b24d3c612f71e7aa74158d92106318b2
  depends:
  - __glibc >=2.17,<3.0.a0
  - libgcc >=14
  constrains:
  - expat 2.8.1.*
  license: MIT
  license_family: MIT
  size: 77856
  timestamp: 1781203599810
- conda: https://conda.anaconda.org/conda-forge/linux-64/libffi-3.5.2-h3435931_0.conda
  sha256: 31f19b6a88ce40ebc0d5a992c131f57d919f73c0b92cd1617a5bec83f6e961e6
  md5: a360c33a5abe61c07959e449fa1453eb
  depends:
  - __glibc >=2.17,<3.0.a0
  - libgcc >=14
  license: MIT
  license_family: MIT
  size: 58592
  timestamp: 1769456073053
- conda: https://conda.anaconda.org/conda-forge/linux-64/libgcc-15.2.0-he0feb66_19.conda
  sha256: 8e0a3b5e41272e5678499b5dfc4cddb673f9e935de01eb0767ce857001229f46
  md5: 57736f29cc2b0ec0b6c2952d3f101b6a
  depends:
  - __glibc >=2.17,<3.0.a0
  - _openmp_mutex >=4.5
  constrains:
  - libgcc-ng ==15.2.0=*_19
  - libgomp 15.2.0 he0feb66_19
  license: GPL-3.0-only WITH GCC-exception-3.1
  license_family: GPL
  size: 1041084
  timestamp: 1778269013026
- conda: https://conda.anaconda.org/conda-forge/linux-64/libgcc-ng-15.2.0-h69a702a_19.conda
  sha256: 9dcf54adfaa5e861123c2da4f2f0451a685464ea7e5a41ad91cf67b31d658d98
  md5: 331ee9b72b9dff570d56b1302c5ab37d
  depends:
  - libgcc 15.2.0 he0feb66_19
  license: GPL-3.0-only WITH GCC-exception-3.1
  license_family: GPL
  size: 27694
  timestamp: 1778269016987
- conda: https://conda.anaconda.org/conda-forge/linux-64/libgfortran-15.2.0-h69a702a_19.conda
  sha256: 561a42758ef25b9ce308c4e2cf56daee4f06138385a17e29a492cd928e00be6f
  md5: 42bf7eca1a951735fa06c0e3c0d5c8e6
  depends:
  - libgfortran5 15.2.0 h68bc16d_19
  constrains:
  - libgfortran-ng ==15.2.0=*_19
  license: GPL-3.0-only WITH GCC-exception-3.1
  license_family: GPL
  size: 27655
  timestamp: 1778269042954
- conda: https://conda.anaconda.org/conda-forge/linux-64/libgfortran5-15.2.0-h68bc16d_19.conda
  sha256: 057978bb69fea29ed715a9b98adf71015c31baecc4aeb2bfc20d4fd5d83579d4
  md5: 85072b0ad177c966294f129b7c04a2d5
  depends:
  - __glibc >=2.17,<3.0.a0
  - libgcc >=15.2.0
  constrains:
  - libgfortran 15.2.0
  license: GPL-3.0-only WITH GCC-exception-3.1
  license_family: GPL
  size: 2483673
  timestamp: 1778269025089
- conda: https://conda.anaconda.org/conda-forge/linux-64/libhwloc-2.13.0-default_he001693_1000.conda
  sha256: 5041d295813dfb84652557839825880aae296222ab725972285c5abe3b6e4288
  md5: c197985b58bc813d26b42881f0021c82
  depends:
  - __glibc >=2.17,<3.0.a0
  - libgcc >=14
  - libstdcxx >=14
  - libxml2
  - libxml2-16 >=2.14.6
  license: BSD-3-Clause
  license_family: BSD
  size: 2436378
  timestamp: 1770953868164
- conda: https://conda.anaconda.org/conda-forge/linux-64/libiconv-1.18-h3b78370_2.conda
  sha256: c467851a7312765447155e071752d7bf9bf44d610a5687e32706f480aad2833f
  md5: 915f5995e94f60e9a4826e0b0920ee88
  depends:
  - __glibc >=2.17,<3.0.a0
  - libgcc >=14
  license: LGPL-2.1-only
  size: 790176
  timestamp: 1754908768807
- conda: https://conda.anaconda.org/conda-forge/linux-64/liblapack-3.11.0-8_h5e43f62_mkl.conda
  build_number: 8
  sha256: 0cb26d433dfa15a392eaeeb8a96ac468f4d007d7e7e37ef7bf46856aaf9a9785
  md5: 370e81464714060008e60ee53825bb3e
  depends:
  - libblas 3.11.0 8_h5875eb1_mkl
  constrains:
  - blas 2.308   mkl
  - libcblas   3.11.0   8*_mkl
  - liblapacke 3.11.0   8*_mkl
  track_features:
  - blas_mkl
  license: BSD-3-Clause
  license_family: BSD
  size: 18921
  timestamp: 1779859092867
- conda: https://conda.anaconda.org/conda-forge/linux-64/liblzma-5.8.3-hb03c661_0.conda
  sha256: ec30e52a3c1bf7d0425380a189d209a52baa03f22fb66dd3eb587acaa765bd6d
  md5: b88d90cad08e6bc8ad540cb310a761fb
  depends:
  - __glibc >=2.17,<3.0.a0
  - libgcc >=14
  constrains:
  - xz 5.8.3.*
  license: 0BSD
  size: 113478
  timestamp: 1775825492909
- conda: https://conda.anaconda.org/conda-forge/linux-64/libnsl-2.0.1-hb9d3cd8_1.conda
  sha256: 927fe72b054277cde6cb82597d0fcf6baf127dcbce2e0a9d8925a68f1265eef5
  md5: d864d34357c3b65a4b731f78c0801dc4
  depends:
  - __glibc >=2.17,<3.0.a0
  - libgcc >=13
  license: LGPL-2.1-only
  license_family: GPL
  size: 33731
  timestamp: 1750274110928
- conda: https://conda.anaconda.org/conda-forge/linux-64/libprotobuf-7.35.1-h2840a7c_2.conda
  sha256: b5ac3938186516c1091b96414c34f90255da2a3bbd736a0712b22bbf4b5ebf02
  md5: 729db8acaadb9a5e5bb2dc3d9ac84ae4
  depends:
  - __glibc >=2.17,<3.0.a0
  - libabseil * cxx17*
  - libabseil >=20260526.0,<20260527.0a0
  - libgcc >=14
  - libstdcxx >=14
  - libzlib >=1.3.2,<2.0a0
  license: BSD-3-Clause
  license_family: BSD
  size: 3774596
  timestamp: 1783168720126
- conda: https://conda.anaconda.org/conda-forge/linux-64/libsqlite-3.53.3-h0c1763c_0.conda
  sha256: 365376f4815e5e80def2b3462a2419708b7c292da0da85278386c2618621fff4
  md5: 4aed8e657e9ff156bdbe849b4df44389
  depends:
  - __glibc >=2.17,<3.0.a0
  - libgcc >=14
  - libzlib >=1.3.2,<2.0a0
  license: blessing
  size: 962119
  timestamp: 1782519076616
- conda: https://conda.anaconda.org/conda-forge/linux-64/libstdcxx-15.2.0-h934c35e_19.conda
  sha256: dff1058c76ec6b8759e41cefa2508162d00e4a5e6721aa68ec3fd10094e702dc
  md5: 5794b3bdc38177caf969dabd3af08549
  depends:
  - __glibc >=2.17,<3.0.a0
  - libgcc 15.2.0 he0feb66_19
  constrains:
  - libstdcxx-ng ==15.2.0=*_19
  license: GPL-3.0-only WITH GCC-exception-3.1
  license_family: GPL
  size: 5852044
  timestamp: 1778269036376
- conda: https://conda.anaconda.org/conda-forge/linux-64/libstdcxx-ng-15.2.0-hdf11a46_19.conda
  sha256: 0672b6b6e1791c92e8eccad58081a99d614fcf82bca5841f9dfa3c3e658f83b9
  md5: e5ce228e579726c07255dbf90dc62101
  depends:
  - libstdcxx 15.2.0 h934c35e_19
  license: GPL-3.0-only WITH GCC-exception-3.1
  license_family: GPL
  size: 27776
  timestamp: 1778269074600
- conda: https://conda.anaconda.org/conda-forge/linux-64/libtorch-2.12.1-cpu_mkl_h4f7e408_100.conda
  sha256: 7e3c58fffa49da11b2dd388b0031d7d28632b36591d658881bedf57c69ac93d8
  md5: 00e6cb69159e94d2fc13848ce4453e7e
  depends:
  - __glibc >=2.17,<3.0.a0
  - _openmp_mutex * *_llvm
  - _openmp_mutex >=4.5
  - fmt >=12.1.0,<12.2.0a0
  - libabseil * cxx17*
  - libabseil >=20260526.0,<20260527.0a0
  - libblas * *mkl
  - libcblas >=3.11.0,<4.0a0
  - libgcc >=14
  - libprotobuf >=7.35.1,<7.35.2.0a0
  - libstdcxx >=14
  - libuv >=1.52.1,<2.0a0
  - libzlib >=1.3.2,<2.0a0
  - llvm-openmp >=22.1.8
  - mkl >=2026.0.0,<2027.0a0
  - onednn >=3.12,<4.0a0
  - pybind11-abi 11
  - sleef >=3.9.0,<4.0a0
  constrains:
  - pytorch-gpu <0.0a0
  - pytorch 2.12.1 cpu_mkl_*_100
  - pytorch-cpu 2.12.1
  license: BSD-3-Clause
  license_family: BSD
  size: 61888662
  timestamp: 1781832531047
- conda: https://conda.anaconda.org/conda-forge/linux-64/libuuid-2.42.2-h5347b49_0.conda
  sha256: 9b1bdce27a7e31f7d241aeecff67a1f3101d52a2b1e33ccc2cdf2613072bf81f
  md5: 01bb81d12c957de066ea7362007df642
  depends:
  - libgcc >=14
  - __glibc >=2.17,<3.0.a0
  license: BSD-3-Clause
  license_family: BSD
  size: 40017
  timestamp: 1781625522462
- conda: https://conda.anaconda.org/conda-forge/linux-64/libuv-1.52.1-h280c20c_0.conda
  sha256: e28e4519223f78b3163599ca89c3f2d80bfb53e907e7fc74e806e60d1efa578b
  md5: 4e33d49bf4fc853855a3b00643aa5484
  depends:
  - libgcc >=14
  - __glibc >=2.17,<3.0.a0
  license: MIT
  license_family: MIT
  size: 419935
  timestamp: 1779396012261
- conda: https://conda.anaconda.org/conda-forge/linux-64/libxcrypt-4.4.36-hd590300_1.conda
  sha256: 6ae68e0b86423ef188196fff6207ed0c8195dd84273cb5623b85aa08033a410c
  md5: 5aa797f8787fe7a17d1b0821485b5adc
  depends:
  - libgcc-ng >=12
  license: LGPL-2.1-or-later
  size: 100393
  timestamp: 1702724383534
- conda: https://conda.anaconda.org/conda-forge/linux-64/libxml2-2.15.3-h49c6c72_0.conda
  sha256: 3bc5551720c58591f6ea1146f7d1539c734ed1c40e7b9f5cb8cb7e900c509aba
  md5: 995d8c8bad2a3cc8db14675a153dec2b
  depends:
  - __glibc >=2.17,<3.0.a0
  - icu >=78.3,<79.0a0
  - libgcc >=14
  - libiconv >=1.18,<2.0a0
  - liblzma >=5.8.3,<6.0a0
  - libxml2-16 2.15.3 hca6bf5a_0
  - libzlib >=1.3.2,<2.0a0
  license: MIT
  license_family: MIT
  size: 46810
  timestamp: 1776376751152
- conda: https://conda.anaconda.org/conda-forge/linux-64/libxml2-16-2.15.3-hca6bf5a_0.conda
  sha256: 3d44f737c5ae52d5af32682cc1530df433f401f8e58a7533926536244127572a
  md5: e79d2c2f24b027aa8d5ab1b1ba3061e7
  depends:
  - __glibc >=2.17,<3.0.a0
  - icu >=78.3,<79.0a0
  - libgcc >=14
  - libiconv >=1.18,<2.0a0
  - liblzma >=5.8.3,<6.0a0
  - libzlib >=1.3.2,<2.0a0
  constrains:
  - libxml2 2.15.3
  license: MIT
  license_family: MIT
  size: 559775
  timestamp: 1776376739004
- conda: https://conda.anaconda.org/conda-forge/linux-64/libzlib-1.3.2-h25fd6f3_2.conda
  sha256: 55044c403570f0dc26e6364de4dc5368e5f3fc7ff103e867c487e2b5ab2bcda9
  md5: d87ff7921124eccd67248aa483c23fec
  depends:
  - __glibc >=2.17,<3.0.a0
  constrains:
  - zlib 1.3.2 *_2
  license: Zlib
  license_family: Other
  size: 63629
  timestamp: 1774072609062
- conda: https://conda.anaconda.org/conda-forge/linux-64/llvm-openmp-22.1.8-h4922eb0_0.conda
  sha256: a37aba21b85800af1e7c5b04ba76abab96b6e591eedf99dc6e4df83b0fefd7a5
  md5: 7bbfdc5a6eca997d3b0873a575c3e155
  depends:
  - __glibc >=2.17,<3.0.a0
  constrains:
  - intel-openmp <0.0a0
  - openmp 22.1.8|22.1.8.*
  license: Apache-2.0 WITH LLVM-exception
  license_family: APACHE
  size: 6123597
  timestamp: 1781736521736
- conda: https://conda.anaconda.org/conda-forge/linux-64/markupsafe-3.0.3-py311h3778330_1.conda
  sha256: 710e207b2e91308a34bcfe547c60ad86c1fa294827266ba18548c1fe1a9d8333
  md5: f9efdf9b0f3d0cc309d56af6edf2a6b0
  depends:
  - __glibc >=2.17,<3.0.a0
  - libgcc >=14
  - python >=3.11,<3.12.0a0
  - python_abi 3.11.* *_cp311
  constrains:
  - jinja2 >=3.0.0
  license: BSD-3-Clause
  license_family: BSD
  size: 26756
  timestamp: 1772445078834
- conda: https://conda.anaconda.org/conda-forge/linux-64/mkl-2026.1.0-hecca717_243.conda
  sha256: c68967a13488684d87fb7ac77b73c6f3f825f2da403707a14e75374c0ce3629f
  md5: cef284d6d9fe0caf11638f5f0e4f9a64
  depends:
  - __glibc >=2.17,<3.0.a0
  - _openmp_mutex * *_llvm
  - _openmp_mutex >=4.5
  - libgcc >=14
  - libstdcxx >=14
  - llvm-openmp >=22.1.8
  - onemkl-license 2026.1.0 ha770c72_243
  - tbb >=2023.0.0
  license: LicenseRef-IntelSimplifiedSoftwareOct2022
  license_family: Proprietary
  size: 143101973
  timestamp: 1783700248990
- conda: https://conda.anaconda.org/conda-forge/linux-64/mpc-1.4.0-he0a73b1_0.conda
  sha256: c1fdeebc9f8e4f51df265efca4ea20c7a13911193cc255db73cccb6e422ae486
  md5: 770d00bf57b5599c4544d61b61d8c6c6
  depends:
  - __glibc >=2.17,<3.0.a0
  - gmp >=6.3.0,<7.0a0
  - libgcc >=14
  - mpfr >=4.2.2,<5.0a0
  license: LGPL-3.0-or-later
  license_family: LGPL
  size: 100245
  timestamp: 1774472435333
- conda: https://conda.anaconda.org/conda-forge/linux-64/mpfr-4.2.2-he0a73b1_0.conda
  sha256: 8690f550a780f75d9c47f7ffc15f5ff1c149d36ac17208e50eda101ca16611b9
  md5: 85ce2ffa51ab21da5efa4a9edc5946aa
  depends:
  - __glibc >=2.17,<3.0.a0
  - gmp >=6.3.0,<7.0a0
  - libgcc >=14
  license: LGPL-3.0-only
  license_family: LGPL
  size: 730422
  timestamp: 1773413915171
- conda: https://conda.anaconda.org/conda-forge/noarch/mpmath-1.4.1-pyhd8ed1ab_0.conda
  sha256: 5bbf2f8179ec43d34d67ca8e4989d216c1bdb4b749fe6cb40e86ebf88c1b5300
  md5: 2e81b32b805f406d23ba61938a184081
  depends:
  - python >=3.10
  license: BSD-3-Clause
  license_family: BSD
  size: 464918
  timestamp: 1773662068273
- conda: https://conda.anaconda.org/conda-forge/linux-64/ncurses-6.6-hdb14827_0.conda
  sha256: fc89f74bbe362fb29fa3c037697a89bec140b346a2469a90f7936d1d7ea4d8a3
  md5: fc21868a1a5aacc937e7a18747acb8a5
  depends:
  - __glibc >=2.17,<3.0.a0
  - libgcc >=14
  license: X11 AND BSD-3-Clause
  size: 918956
  timestamp: 1777422145199
- conda: https://conda.anaconda.org/conda-forge/noarch/networkx-3.6.1-pyhcf101f3_0.conda
  sha256: f6a82172afc50e54741f6f84527ef10424326611503c64e359e25a19a8e4c1c6
  md5: a2c1eeadae7a309daed9d62c96012a2b
  depends:
  - python >=3.11
  - python
  constrains:
  - numpy >=1.25
  - scipy >=1.11.2
  - matplotlib-base >=3.8
  - pandas >=2.0
  license: BSD-3-Clause
  license_family: BSD
  size: 1587439
  timestamp: 1765215107045
- conda: https://conda.anaconda.org/conda-forge/linux-64/numpy-2.4.6-py311h2e04523_0.conda
  sha256: 8e8fb64c1a51282e8940d57d116aec54a4d66da59594973ae9c0b35d419b9a81
  md5: 5d4e35d7097b88c8b1455ef9f6ddf511
  depends:
  - python
  - libgcc >=14
  - __glibc >=2.17,<3.0.a0
  - libstdcxx >=14
  - libblas >=3.9.0,<4.0a0
  - python_abi 3.11.* *_cp311
  - liblapack >=3.9.0,<4.0a0
  - libcblas >=3.9.0,<4.0a0
  constrains:
  - numpy-base <0a0
  license: BSD-3-Clause
  license_family: BSD
  size: 9389525
  timestamp: 1779169198155
- conda: https://conda.anaconda.org/conda-forge/linux-64/onednn-3.12-omp_h83de36e_0.conda
  sha256: 0555c7f54e7192b30412cdb462adcf2151153c03fc9f20c0d6846a9381efea56
  md5: 1edfb47e2c1cce4978bbebc467999977
  depends:
  - __glibc >=2.17,<3.0.a0
  - libgcc >=14
  - libstdcxx >=14
  license: Apache-2.0
  license_family: APACHE
  size: 13069211
  timestamp: 1779565995400
- conda: https://conda.anaconda.org/conda-forge/linux-64/onemkl-license-2026.1.0-ha770c72_243.conda
  sha256: b560b1106416b7df0041144aad3842e8783e22c70418a46cbcc90fe67a96b229
  md5: 2617b8e56c82fe48be8951e7794f08bc
  license: LicenseRef-IntelSimplifiedSoftwareOct2022
  license_family: Proprietary
  size: 39889
  timestamp: 1783700145236
- conda: https://conda.anaconda.org/conda-forge/linux-64/openssl-3.6.3-h35e630c_0.conda
  sha256: d48f5c22b9897c01e4dff3680f1f57ceb02711ab9c62f74339b080419dfad34b
  md5: 79dd2074b5cd5c5c6b2930514a11e22d
  depends:
  - __glibc >=2.17,<3.0.a0
  - ca-certificates
  - libgcc >=14
  license: Apache-2.0
  license_family: Apache
  size: 3159683
  timestamp: 1781069855778
- conda: https://conda.anaconda.org/conda-forge/linux-64/optree-0.19.1-py311hdf67eae_0.conda
  sha256: 35dac95d20a7f63f2a613a4830cd0f7e7d1ff323d3101db686eef6cdc2ddf5d9
  md5: c81c6109e593265c80d6b18ff4ba5150
  depends:
  - __glibc >=2.17,<3.0.a0
  - libgcc >=14
  - libstdcxx >=14
  - python >=3.11,<3.12.0a0
  - python_abi 3.11.* *_cp311
  - typing-extensions >=4.6
  license: Apache-2.0
  license_family: Apache
  size: 487687
  timestamp: 1778047683874
- conda: https://conda.anaconda.org/conda-forge/noarch/pybind11-3.0.3-pyhfe8187e_0.conda
  sha256: 71a9524f44d6ac6304feae71e2bbe8d8ce0816f0be7a0271c15681ad1040965d
  md5: e0f4549ccb507d4af8ed5c5345210673
  depends:
  - python >=3.8
  - pybind11-global ==3.0.3 *_0
  - python
  constrains:
  - pybind11-abi ==11
  license: BSD-3-Clause
  license_family: BSD
  size: 247963
  timestamp: 1775004608640
- conda: https://conda.anaconda.org/conda-forge/noarch/pybind11-abi-11-hc364b38_1.conda
  sha256: 9e7fe12f727acd2787fb5816b2049cef4604b7a00ad3e408c5e709c298ce8bf1
  md5: f0599959a2447c1e544e216bddf393fa
  license: BSD-3-Clause
  license_family: BSD
  size: 14671
  timestamp: 1752769938071
- conda: https://conda.anaconda.org/conda-forge/noarch/pybind11-global-3.0.3-pyh648e204_0.conda
  sha256: 97a0fbd2a81d95e90d714e5c628fe860b29a3caad53abcfb90add1965ad85bef
  md5: 7fdc3e18c14b862ae5f064c1ea8e2636
  depends:
  - python >=3.8
  - __unix
  - python
  constrains:
  - pybind11-abi ==11
  license: BSD-3-Clause
  license_family: BSD
  size: 243898
  timestamp: 1775004520432
- conda: https://conda.anaconda.org/conda-forge/linux-64/python-3.11.15-h7508c33_1_cpython.conda
  build_number: 1
  sha256: e830c8c69605674a997ee280d79c0f05ff5c1ed80ce3743678b2f663f410dfb9
  md5: fa29f621acaa9c0db5fd2c0ffc65312c
  depends:
  - __glibc >=2.17,<3.0.a0
  - bzip2 >=1.0.8,<2.0a0
  - ld_impl_linux-64 >=2.36.1
  - libexpat >=2.8.1,<3.0a0
  - libffi >=3.5.2,<3.6.0a0
  - libgcc >=14
  - liblzma >=5.8.3,<6.0a0
  - libnsl >=2.0.1,<2.1.0a0
  - libsqlite >=3.53.2,<4.0a0
  - libuuid >=2.42.1,<3.0a0
  - libxcrypt >=4.4.36
  - libzlib >=1.3.2,<2.0a0
  - ncurses >=6.6,<7.0a0
  - openssl >=3.5.7,<4.0a0
  - readline >=8.3,<9.0a0
  - tk >=8.6.13,<8.7.0a0
  - tzdata
  constrains:
  - python_abi 3.11.* *_cp311
  license: Python-2.0
  size: 30907259
  timestamp: 1781149782225
- conda: https://conda.anaconda.org/conda-forge/noarch/python_abi-3.11-8_cp311.conda
  build_number: 8
  sha256: fddf123692aa4b1fc48f0471e346400d9852d96eeed77dbfdd746fa50a8ff894
  md5: 8fcb6b0e2161850556231336dae58358
  constrains:
  - python 3.11.* *_cpython
  license: BSD-3-Clause
  license_family: BSD
  size: 7003
  timestamp: 1752805919375
- conda: https://conda.anaconda.org/conda-forge/linux-64/pytorch-2.12.1-cpu_mkl_py311_h8dcea03_100.conda
  sha256: 9779619539a34c95fde16bb202b6e10a58de4c97450bd732c93c6ce0430eaa6b
  md5: 894568049009ed790d062fabd9773e82
  depends:
  - __glibc >=2.17,<3.0.a0
  - _openmp_mutex * *_llvm
  - _openmp_mutex >=4.5
  - filelock
  - fmt >=12.1.0,<12.2.0a0
  - fsspec
  - jinja2
  - libabseil * cxx17*
  - libabseil >=20260526.0,<20260527.0a0
  - libblas * *mkl
  - libcblas >=3.11.0,<4.0a0
  - libgcc >=14
  - libprotobuf >=7.35.1,<7.35.2.0a0
  - libstdcxx >=14
  - libtorch 2.12.1 cpu_mkl_h4f7e408_100
  - libuv >=1.52.1,<2.0a0
  - libzlib >=1.3.2,<2.0a0
  - llvm-openmp >=22.1.8
  - mkl >=2026.0.0,<2027.0a0
  - networkx
  - numpy >=1.23,<3
  - onednn >=3.12,<4.0a0
  - optree >=0.13.0
  - pybind11
  - pybind11-abi 11
  - python >=3.11,<3.12.0a0
  - python_abi 3.11.* *_cp311
  - setuptools <82
  - sleef >=3.9.0,<4.0a0
  - sympy >=1.13.3
  - typing_extensions >=4.10.0
  constrains:
  - pytorch-gpu <0.0a0
  - pytorch-cpu 2.12.1
  license: BSD-3-Clause
  license_family: BSD
  size: 25881112
  timestamp: 1781834474513
- conda: https://conda.anaconda.org/conda-forge/linux-64/readline-8.3-h853b02a_0.conda
  sha256: 12ffde5a6f958e285aa22c191ca01bbd3d6e710aa852e00618fa6ddc59149002
  md5: d7d95fc8287ea7bf33e0e7116d2b95ec
  depends:
  - __glibc >=2.17,<3.0.a0
  - libgcc >=14
  - ncurses >=6.5,<7.0a0
  license: GPL-3.0-only
  license_family: GPL
  size: 345073
  timestamp: 1765813471974
- conda: https://conda.anaconda.org/conda-forge/linux-64/scipy-1.17.1-py311hbe70eeb_1.conda
  sha256: 3ae2ff1d1cc5930de2ca6ac03216118bdf13b2af6098e28e827f1ba25bfcbc4e
  md5: 089de2ee37e4e19885c985a4fe4aaf14
  depends:
  - __glibc >=2.17,<3.0.a0
  - libblas >=3.9.0,<4.0a0
  - libcblas >=3.9.0,<4.0a0
  - libgcc >=14
  - libgfortran
  - libgfortran5 >=14.3.0
  - liblapack >=3.9.0,<4.0a0
  - libstdcxx >=14
  - numpy <2.7
  - numpy >=1.23,<3
  - numpy >=1.25.2
  - python >=3.11,<3.12.0a0
  - python_abi 3.11.* *_cp311
  license: BSD-3-Clause
  license_family: BSD
  size: 17303931
  timestamp: 1779874783665
- conda: https://conda.anaconda.org/conda-forge/noarch/setuptools-81.0.0-pyh332efcf_0.conda
  sha256: 6ecf738d5590bf228f09c4ecd1ea91d811f8e0bd9acdef341bc4d6c36beb13a3
  md5: d629a398d7bf872f9ed7b27ab959de15
  depends:
  - python >=3.10
  license: MIT
  license_family: MIT
  size: 676888
  timestamp: 1770456470072
- conda: https://conda.anaconda.org/conda-forge/linux-64/sleef-3.9.0-ha0421bc_0.conda
  sha256: 57afc2ab5bdb24cf979964018dddbc5dfaee130b415e6863765e45aed2175ee4
  md5: e8a0b4f5e82ecacffaa5e805020473cb
  depends:
  - __glibc >=2.17,<3.0.a0
  - _openmp_mutex >=4.5
  - libgcc >=14
  - libstdcxx >=14
  license: BSL-1.0
  size: 1951720
  timestamp: 1756274576844
- conda: https://conda.anaconda.org/conda-forge/noarch/sympy-1.14.0-pyh2585a3b_106.conda
  sha256: 1c8057e6875eba958aa8b3c1a072dc9a75d013f209c26fd8125a5ebd3abbec0c
  md5: 32d866e43b25275f61566b9391ccb7b5
  depends:
  - __unix
  - cpython
  - gmpy2 >=2.0.8
  - mpmath >=1.1.0,<1.5
  - python >=3.10
  license: BSD-3-Clause
  license_family: BSD
  size: 4661767
  timestamp: 1771952371059
- conda: https://conda.anaconda.org/conda-forge/linux-64/tbb-2023.0.0-hab88423_2.conda
  sha256: 30cb9355c2fefc20ff1a3d6566b9714d5614086a2524c07721fc344eb20515ae
  md5: 7073b15f9364ebc118998601ac6ca6a6
  depends:
  - __glibc >=2.17,<3.0.a0
  - libgcc >=14
  - libhwloc >=2.13.0,<2.13.1.0a0
  - libstdcxx >=14
  license: Apache-2.0
  license_family: APACHE
  size: 182331
  timestamp: 1778673758649
- conda: https://conda.anaconda.org/conda-forge/linux-64/tk-8.6.13-noxft_hd70dff1_3.conda
  build_number: 103
  sha256: 43624eab22f5f29df7d6ffe914cf442f28fd559b55b290906255492826e636e8
  md5: 48a1049e710857572fc2a832aa394d9f
  depends:
  - __glibc >=2.17,<3.0.a0
  - libgcc >=14
  - libzlib >=1.3.2,<2.0a0
  constrains:
  - xorg-libx11 >=1.8.13,<2.0a0
  license: TCL
  size: 3550916
  timestamp: 1784229071544
- conda: https://conda.anaconda.org/conda-forge/noarch/typing-extensions-4.16.0-h69aa097_0.conda
  sha256: b141933ece3518f6d7b75dfb59451e2f26b405a44c18e2518a83e9a02e09315c
  md5: c680b5747e8c4c8f23dca0bb7042a8fc
  depends:
  - typing_extensions ==4.16.0 pyhcf101f3_0
  license: PSF-2.0
  license_family: PSF
  size: 94080
  timestamp: 1783002732887
- conda: https://conda.anaconda.org/conda-forge/noarch/typing_extensions-4.16.0-pyhcf101f3_0.conda
  sha256: 2d888f90af0686044882c74193ec80a90ec1943145d94a7b1b048958acda1848
  md5: c70ad746c22219b9700931707482992c
  depends:
  - python >=3.10
  - python
  license: PSF-2.0
  license_family: PSF
  size: 52631
  timestamp: 1783002732887
- conda: https://conda.anaconda.org/conda-forge/noarch/tzdata-2026c-h151e31d_0.conda
  sha256: b928c30ddcb0e3f544c6eade8352737e6e610e263276b90232db6a578ef899d8
  md5: fcb489df604d100968b737f2cb6076c6
  license: LicenseRef-Public-Domain
  size: 118849
  timestamp: 1784250406640
- conda: https://conda.anaconda.org/conda-forge/linux-64/zstd-1.5.7-hb78ec9c_6.conda
  sha256: 68f0206ca6e98fea941e5717cec780ed2873ffabc0e1ed34428c061e2c6268c7
  md5: 4a13eeac0b5c8e5b8ab496e6c4ddd829
  depends:
  - __glibc >=2.17,<3.0.a0
  - libzlib >=1.3.1,<2.0a0
  license: BSD-3-Clause
  license_family: BSD
  size: 601375
  timestamp: 1764777111296
